schema: '2.0'
stages:
  download:
    cmd: Rscript R/download.R
    outs:
    - path: download/
      md5: 34bc249dc40313edd9194cfc2c393c3d.dir
      size: 378455262
      nfiles: 7
  process:
    cmd: Rscript R/build.R
    outs:
    - path: data/
      md5: ba90059c4099c4b587abd58835ccc872.dir
      size: 115308321
      nfiles: 4
